
Microsoft Visual Studio Solution File, Format Version 12.00
# Visual Studio Version 16
VisualStudioVersion = 16.0.30523.141
MinimumVisualStudioVersion = 10.0.40219.1
Project("{9A19103F-16F7-4668-BE54-9A1E7A4F7556}") = "Parcial1.MASSIMINO.Escuela", "Parcial1.MASSIMINO.Escuela.csproj", "{EE1B408F-9343-489C-8CB7-D068652DE5AF}"
EndProject
Project("{9A19103F-16F7-4668-BE54-9A1E7A4F7556}") = "Parcial1.MASSIMINO.LibreriaClases", "..\LibreriaClases\Parcial1.MASSIMINO.LibreriaClases.csproj", "{180AA216-50C0-4A2A-869E-30A39DEFDCC9}"
EndProject
Global
	GlobalSection(SolutionConfigurationPlatforms) = preSolution
		Debug|Any CPU = Debug|Any CPU
		Release|Any CPU = Release|Any CPU
	EndGlobalSection
	GlobalSection(ProjectConfigurationPlatforms) = postSolution
		{EE1B408F-9343-489C-8CB7-D068652DE5AF}.Debug|Any CPU.ActiveCfg = Debug|Any CPU
		{EE1B408F-9343-489C-8CB7-D068652DE5AF}.Debug|Any CPU.Build.0 = Debug|Any CPU
		{EE1B408F-9343-489C-8CB7-D068652DE5AF}.Release|Any CPU.ActiveCfg = Release|Any CPU
		{EE1B408F-9343-489C-8CB7-D068652DE5AF}.Release|Any CPU.Build.0 = Release|Any CPU
		{180AA216-50C0-4A2A-869E-30A39DEFDCC9}.Debug|Any CPU.ActiveCfg = Debug|Any CPU
		{180AA216-50C0-4A2A-869E-30A39DEFDCC9}.Debug|Any CPU.Build.0 = Debug|Any CPU
		{180AA216-50C0-4A2A-869E-30A39DEFDCC9}.Release|Any CPU.ActiveCfg = Release|Any CPU
		{180AA216-50C0-4A2A-869E-30A39DEFDCC9}.Release|Any CPU.Build.0 = Release|Any CPU
	EndGlobalSection
	GlobalSection(SolutionProperties) = preSolution
		HideSolutionNode = FALSE
	EndGlobalSection
	GlobalSection(ExtensibilityGlobals) = postSolution
		SolutionGuid = {65F926E3-DBE6-42F4-8F0C-BD5D0E54E201}
	EndGlobalSection
EndGlobal
